
Microsoft Visual Studio Solution File, Format Version 12.00
# Visual Studio 15
VisualStudioVersion = 15.0.26730.12
MinimumVisualStudioVersion = 10.0.40219.1
Project("{FAE04EC0-301F-11D3-BF4B-00C04F79EFBC}") = "SudokuSolver", "SudokuSolver\SudokuSolver.csproj", "{7A0075AA-E53A-4805-8C86-DAA6B675A336}"
EndProject
Global
	GlobalSection(SolutionConfigurationPlatforms) = preSolution
		Debug|Any CPU = Debug|Any CPU
		Release|Any CPU = Release|Any CPU
	EndGlobalSection
	GlobalSection(ProjectConfigurationPlatforms) = postSolution
		{7A0075AA-E53A-4805-8C86-DAA6B675A336}.Debug|Any CPU.ActiveCfg = Debug|Any CPU
		{7A0075AA-E53A-4805-8C86-DAA6B675A336}.Debug|Any CPU.Build.0 = Debug|Any CPU
		{7A0075AA-E53A-4805-8C86-DAA6B675A336}.Release|Any CPU.ActiveCfg = Release|Any CPU
		{7A0075AA-E53A-4805-8C86-DAA6B675A336}.Release|Any CPU.Build.0 = Release|Any CPU
	EndGlobalSection
	GlobalSection(SolutionProperties) = preSolution
		HideSolutionNode = FALSE
	EndGlobalSection
	GlobalSection(ExtensibilityGlobals) = postSolution
		SolutionGuid = {53874B25-B0DE-42A6-8702-94C56CAAA7EE}
	EndGlobalSection
EndGlobal
